// !$*UTF8*$!
{
	archiveVersion = 1;
	classes = {
	};
	objectVersion = 50;
	objects = {

/* Begin PBXBuildFile section */
		7BF49EE726AC107A00718FCC /* AppDelegate.swift in Sources */ = {isa = PBXBuildFile; fileRef = 7BF49EE626AC107A00718FCC /* AppDelegate.swift */; };
		7BF49EE926AC107A00718FCC /* SceneDelegate.swift in Sources */ = {isa = PBXBuildFile; fileRef = 7BF49EE826AC107A00718FCC /* SceneDelegate.swift */; };
		7BF49EEE26AC107A00718FCC /* Main.storyboard in Resources */ = {isa = PBXBuildFile; fileRef = 7BF49EEC26AC107A00718FCC /* Main.storyboard */; };
		7BF49EF026AC107E00718FCC /* Assets.xcassets in Resources */ = {isa = PBXBuildFile; fileRef = 7BF49EEF26AC107E00718FCC /* Assets.xcassets */; };
		7BF49EF326AC107E00718FCC /* LaunchScreen.storyboard in Resources */ = {isa = PBXBuildFile; fileRef = 7BF49EF126AC107E00718FCC /* LaunchScreen.storyboard */; };
		7BF49F0126AC176D00718FCC /* RestaurantTableTableViewController.swift in Sources */ = {isa = PBXBuildFile; fileRef = 7BF49F0026AC176D00718FCC /* RestaurantTableTableViewController.swift */; };
		7BF49F0426AC448500718FCC /* RestaurantTableViewCell.swift in Sources */ = {isa = PBXBuildFile; fileRef = 7BF49F0326AC448500718FCC /* RestaurantTableViewCell.swift */; };
		7BF49F0726AD3A8300718FCC /* RocketSim Recording - iPhone 12 - 2021-07-25 15.20.45.gif in Resources */ = {isa = PBXBuildFile; fileRef = 7BF49F0626AD3A8300718FCC /* RocketSim Recording - iPhone 12 - 2021-07-25 15.20.45.gif */; };
/* End PBXBuildFile section */

/* Begin PBXFileReference section */
		7BF49EE326AC107A00718FCC /* FoodPin.app */ = {isa = PBXFileReference; explicitFileType = wrapper.application; includeInIndex = 0; path = FoodPin.app; sourceTree = BUILT_PRODUCTS_DIR; };
		7BF49EE626AC107A00718FCC /* AppDelegate.swift */ = {isa = PBXFileReference; lastKnownFileType = sourcecode.swift; path = AppDelegate.swift; sourceTree = "<group>"; };
		7BF49EE826AC107A00718FCC /* SceneDelegate.swift */ = {isa = PBXFileReference; lastKnownFileType = sourcecode.swift; path = SceneDelegate.swift; sourceTree = "<group>"; };
		7BF49EED26AC107A00718FCC /* Base */ = {isa = PBXFileReference; lastKnownFileType = file.storyboard; name = Base; path = Base.lproj/Main.storyboard; sourceTree = "<group>"; };
		7BF49EEF26AC107E00718FCC /* Assets.xcassets */ = {isa = PBXFileReference; lastKnownFileType = folder.assetcatalog; path = Assets.xcassets; sourceTree = "<group>"; };
		7BF49EF226AC107E00718FCC /* Base */ = {isa = PBXFileReference; lastKnownFileType = file.storyboard; name = Base; path = Base.lproj/LaunchScreen.storyboard; sourceTree = "<group>"; };
		7BF49EF426AC107F00718FCC /* Info.plist */ = {isa = PBXFileReference; lastKnownFileType = text.plist.xml; path = Info.plist; sourceTree = "<group>"; };
		7BF49F0026AC176D00718FCC /* RestaurantTableTableViewController.swift */ = {isa = PBXFileReference; lastKnownFileType = sourcecode.swift; path = RestaurantTableTableViewController.swift; sourceTree = "<group>"; };
		7BF49F0326AC448500718FCC /* RestaurantTableViewCell.swift */ = {isa = PBXFileReference; lastKnownFileType = sourcecode.swift; path = RestaurantTableViewCell.swift; sourceTree = "<group>"; };
		7BF49F0626AD3A8300718FCC /* RocketSim Recording - iPhone 12 - 2021-07-25 15.20.45.gif */ = {isa = PBXFileReference; lastKnownFileType = image.gif; path = "RocketSim Recording - iPhone 12 - 2021-07-25 15.20.45.gif"; sourceTree = "<group>"; };
/* End PBXFileReference section */

/* Begin PBXFrameworksBuildPhase section */
		7BF49EE026AC107A00718FCC /* Frameworks */ = {
			isa = PBXFrameworksBuildPhase;
			buildActionMask = 2147483647;
			files = (
			);
			runOnlyForDeploymentPostprocessing = 0;
		};
/* End PBXFrameworksBuildPhase section */

/* Begin PBXGroup section */
		7BF49EDA26AC107A00718FCC = {
			isa = PBXGroup;
			children = (
				7BF49F0626AD3A8300718FCC /* RocketSim Recording - iPhone 12 - 2021-07-25 15.20.45.gif */,
				7BF49EE526AC107A00718FCC /* FoodPin */,
				7BF49EE426AC107A00718FCC /* Products */,
			);
			sourceTree = "<group>";
		};
		7BF49EE426AC107A00718FCC /* Products */ = {
			isa = PBXGroup;
			children = (
				7BF49EE326AC107A00718FCC /* FoodPin.app */,
			);
			name = Products;
			sourceTree = "<group>";
		};
		7BF49EE526AC107A00718FCC /* FoodPin */ = {
			isa = PBXGroup;
			children = (
				7BF49EE626AC107A00718FCC /* AppDelegate.swift */,
				7BF49EE826AC107A00718FCC /* SceneDelegate.swift */,
				7BF49EEC26AC107A00718FCC /* Main.storyboard */,
				7BF49EEF26AC107E00718FCC /* Assets.xcassets */,
				7BF49EF126AC107E00718FCC /* LaunchScreen.storyboard */,
				7BF49EF426AC107F00718FCC /* Info.plist */,
				7BF49F0026AC176D00718FCC /* RestaurantTableTableViewController.swift */,
				7BF49F0326AC448500718FCC /* RestaurantTableViewCell.swift */,
			);
			path = FoodPin;
			sourceTree = "<group>";
		};
/* End PBXGroup section */

/* Begin PBXNativeTarget section */
		7BF49EE226AC107A00718FCC /* FoodPin */ = {
			isa = PBXNativeTarget;
			buildConfigurationList = 7BF49EF726AC107F00718FCC /* Build configuration list for PBXNativeTarget "FoodPin" */;
			buildPhases = (
				7BF49EDF26AC107A00718FCC /* Sources */,
				7BF49EE026AC107A00718FCC /* Frameworks */,
				7BF49EE126AC107A00718FCC /* Resources */,
			);
			buildRules = (
			);
			dependencies = (
			);
			name = FoodPin;
			productName = FoodPin;
			productReference = 7BF49EE326AC107A00718FCC /* FoodPin.app */;
			productType = "com.apple.product-type.application";
		};
/* End PBXNativeTarget section */

/* Begin PBXProject section */
		7BF49EDB26AC107A00718FCC /* Project object */ = {
			isa = PBXProject;
			attributes = {
				LastSwiftUpdateCheck = 1240;
				LastUpgradeCheck = 1240;
				TargetAttributes = {
					7BF49EE226AC107A00718FCC = {
						CreatedOnToolsVersion = 12.4;
					};
				};
			};
			buildConfigurationList = 7BF49EDE26AC107A00718FCC /* Build configuration list for PBXProject "FoodPin" */;
			compatibilityVersion = "Xcode 9.3";
			developmentRegion = en;
			hasScannedForEncodings = 0;
			knownRegions = (
				en,
				Base,
			);
			mainGroup = 7BF49EDA26AC107A00718FCC;
			productRefGroup = 7BF49EE426AC107A00718FCC /* Products */;
			projectDirPath = "";
			projectRoot = "";
			targets = (
				7BF49EE226AC107A00718FCC /* FoodPin */,
			);
		};
/* End PBXProject section */

/* Begin PBXResourcesBuildPhase section */
		7BF49EE126AC107A00718FCC /* Resources */ = {
			isa = PBXResourcesBuildPhase;
			buildActionMask = 2147483647;
			files = (
				7BF49EF326AC107E00718FCC /* LaunchScreen.storyboard in Resources */,
				7BF49F0726AD3A8300718FCC /* RocketSim Recording - iPhone 12 - 2021-07-25 15.20.45.gif in Resources */,
				7BF49EF026AC107E00718FCC /* Assets.xcassets in Resources */,
				7BF49EEE26AC107A00718FCC /* Main.storyboard in Resources */,
			);
			runOnlyForDeploymentPostprocessing = 0;
		};
/* End PBXResourcesBuildPhase section */

/* Begin PBXSourcesBuildPhase section */
		7BF49EDF26AC107A00718FCC /* Sources */ = {
			isa = PBXSourcesBuildPhase;
			buildActionMask = 2147483647;
			files = (
				7BF49F0426AC448500718FCC /* RestaurantTableViewCell.swift in Sources */,
				7BF49F0126AC176D00718FCC /* RestaurantTableTableViewController.swift in Sources */,
				7BF49EE726AC107A00718FCC /* AppDelegate.swift in Sources */,
				7BF49EE926AC107A00718FCC /* SceneDelegate.swift in Sources */,
			);
			runOnlyForDeploymentPostprocessing = 0;
		};
/* End PBXSourcesBuildPhase section */

/* Begin PBXVariantGroup section */
		7BF49EEC26AC107A00718FCC /* Main.storyboard */ = {
			isa = PBXVariantGroup;
			children = (
				7BF49EED26AC107A00718FCC /* Base */,
			);
			name = Main.storyboard;
			sourceTree = "<group>";
		};
		7BF49EF126AC107E00718FCC /* LaunchScreen.storyboard */ = {
			isa = PBXVariantGroup;
			children = (
				7BF49EF226AC107E00718FCC /* Base */,
			);
			name = LaunchScreen.storyboard;
			sourceTree = "<group>";
		};
/* End PBXVariantGroup section */

/* Begin XCBuildConfiguration section */
		7BF49EF526AC107F00718FCC /* Debug */ = {
			isa = XCBuildConfiguration;
			buildSettings = {
				ALWAYS_SEARCH_USER_PATHS = NO;
				CLANG_ANALYZER_NONNULL = YES;
				CLANG_ANALYZER_NUMBER_OBJECT_CONVERSION = YES_AGGRESSIVE;
				CLANG_CXX_LANGUAGE_STANDARD = "gnu++14";
				CLANG_CXX_LIBRARY = "libc++";
				CLANG_ENABLE_MODULES = YES;
				CLANG_ENABLE_OBJC_ARC = YES;
				CLANG_ENABLE_OBJC_WEAK = YES;
				CLANG_WARN_BLOCK_CAPTURE_AUTORELEASING = YES;
				CLANG_WARN_BOOL_CONVERSION = YES;
				CLANG_WARN_COMMA = YES;
				CLANG_WARN_CONSTANT_CONVERSION = YES;
				CLANG_WARN_DEPRECATED_OBJC_IMPLEMENTATIONS = YES;
				CLANG_WARN_DIRECT_OBJC_ISA_USAGE = YES_ERROR;
				CLANG_WARN_DOCUMENTATION_COMMENTS = YES;
				CLANG_WARN_EMPTY_BODY = YES;
				CLANG_WARN_ENUM_CONVERSION = YES;
				CLANG_WARN_INFINITE_RECURSION = YES;
				CLANG_WARN_INT_CONVERSION = YES;
				CLANG_WARN_NON_LITERAL_NULL_CONVERSION = YES;
				CLANG_WARN_OBJC_IMPLICIT_RETAIN_SELF = YES;
				CLANG_WARN_OBJC_LITERAL_CONVERSION = YES;
				CLANG_WARN_OBJC_ROOT_CLASS = YES_ERROR;
				CLANG_WARN_QUOTED_INCLUDE_IN_FRAMEWORK_HEADER = YES;
				CLANG_WARN_RANGE_LOOP_ANALYSIS = YES;
				CLANG_WARN_STRICT_PROTOTYPES = YES;
				CLANG_WARN_SUSPICIOUS_MOVE = YES;
				CLANG_WARN_UNGUARDED_AVAILABILITY = YES_AGGRESSIVE;
				CLANG_WARN_UNREACHABLE_CODE = YES;
				CLANG_WARN__DUPLICATE_METHOD_MATCH = YES;
				COPY_PHASE_STRIP = NO;
				DEBUG_INFORMATION_FORMAT = dwarf;
				ENABLE_STRICT_OBJC_MSGSEND = YES;
				ENABLE_TESTABILITY = YES;
				GCC_C_LANGUAGE_STANDARD = gnu11;
				GCC_DYNAMIC_NO_PIC = NO;
				GCC_NO_COMMON_BLOCKS = YES;
				GCC_OPTIMIZATION_LEVEL = 0;
				GCC_PREPROCESSOR_DEFINITIONS = (
					"DEBUG=1",
					"$(inherited)",
				);
				GCC_WARN_64_TO_32_BIT_CONVERSION = YES;
				GCC_WARN_ABOUT_RETURN_TYPE = YES_ERROR;
				GCC_WARN_UNDECLARED_SELECTOR = YES;
				GCC_WARN_UNINITIALIZED_AUTOS = YES_AGGRESSIVE;
				GCC_WARN_UNUSED_FUNCTION = YES;
				GCC_WARN_UNUSED_VARIABLE = YES;
				IPHONEOS_DEPLOYMENT_TARGET = 14.4;
				MTL_ENABLE_DEBUG_INFO = INCLUDE_SOURCE;
				MTL_FAST_MATH = YES;
				ONLY_ACTIVE_ARCH = YES;
				SDKROOT = iphoneos;
				SWIFT_ACTIVE_COMPILATION_CONDITIONS = DEBUG;
				SWIFT_OPTIMIZATION_LEVEL = "-Onone";
			};
			name = Debug;
		};
		7BF49EF626AC107F00718FCC /* Release */ = {
			isa = XCBuildConfiguration;
			buildSettings = {
				ALWAYS_SEARCH_USER_PATHS = NO;
				CLANG_ANALYZER_NONNULL = YES;
				CLANG_ANALYZER_NUMBER_OBJECT_CONVERSION = YES_AGGRESSIVE;
				CLANG_CXX_LANGUAGE_STANDARD = "gnu++14";
				CLANG_CXX_LIBRARY = "libc++";
				CLANG_ENABLE_MODULES = YES;
				CLANG_ENABLE_OBJC_ARC = YES;
				CLANG_ENABLE_OBJC_WEAK = YES;
				CLANG_WARN_BLOCK_CAPTURE_AUTORELEASING = YES;
				CLANG_WARN_BOOL_CONVERSION = YES;
				CLANG_WARN_COMMA = YES;
				CLANG_WARN_CONSTANT_CONVERSION = YES;
				CLANG_WARN_DEPRECATED_OBJC_IMPLEMENTATIONS = YES;
				CLANG_WARN_DIRECT_OBJC_ISA_USAGE = YES_ERROR;
				CLANG_WARN_DOCUMENTATION_COMMENTS = YES;
				CLANG_WARN_EMPTY_BODY = YES;
				CLANG_WARN_ENUM_CONVERSION = YES;
				CLANG_WARN_INFINITE_RECURSION = YES;
				CLANG_WARN_INT_CONVERSION = YES;
				CLANG_WARN_NON_LITERAL_NULL_CONVERSION = YES;
				CLANG_WARN_OBJC_IMPLICIT_RETAIN_SELF = YES;
				CLANG_WARN_OBJC_LITERAL_CONVERSION = YES;
				CLANG_WARN_OBJC_ROOT_CLASS = YES_ERROR;
				CLANG_WARN_QUOTED_INCLUDE_IN_FRAMEWORK_HEADER = YES;
				CLANG_WARN_RANGE_LOOP_ANALYSIS = YES;
				CLANG_WARN_STRICT_PROTOTYPES = YES;
				CLANG_WARN_SUSPICIOUS_MOVE = YES;
				CLANG_WARN_UNGUARDED_AVAILABILITY = YES_AGGRESSIVE;
				CLANG_WARN_UNREACHABLE_CODE = YES;
				CLANG_WARN__DUPLICATE_METHOD_MATCH = YES;
				COPY_PHASE_STRIP = NO;
				DEBUG_INFORMATION_FORMAT = "dwarf-with-dsym";
				ENABLE_NS_ASSERTIONS = NO;
				ENABLE_STRICT_OBJC_MSGSEND = YES;
				GCC_C_LANGUAGE_STANDARD = gnu11;
				GCC_NO_COMMON_BLOCKS = YES;
				GCC_WARN_64_TO_32_BIT_CONVERSION = YES;
				GCC_WARN_ABOUT_RETURN_TYPE = YES_ERROR;
				GCC_WARN_UNDECLARED_SELECTOR = YES;
				GCC_WARN_UNINITIALIZED_AUTOS = YES_AGGRESSIVE;
				GCC_WARN_UNUSED_FUNCTION = YES;
				GCC_WARN_UNUSED_VARIABLE = YES;
				IPHONEOS_DEPLOYMENT_TARGET = 14.4;
				MTL_ENABLE_DEBUG_INFO = NO;
				MTL_FAST_MATH = YES;
				SDKROOT = iphoneos;
				SWIFT_COMPILATION_MODE = wholemodule;
				SWIFT_OPTIMIZATION_LEVEL = "-O";
				VALIDATE_PRODUCT = YES;
			};
			name = Release;
		};
		7BF49EF826AC107F00718FCC /* Debug */ = {
			isa = XCBuildConfiguration;
			buildSettings = {
				ASSETCATALOG_COMPILER_APPICON_NAME = AppIcon;
				ASSETCATALOG_COMPILER_GLOBAL_ACCENT_COLOR_NAME = AccentColor;
				CODE_SIGN_STYLE = Automatic;
				INFOPLIST_FILE = FoodPin/Info.plist;
				LD_RUNPATH_SEARCH_PATHS = (
					"$(inherited)",
					"@executable_path/Frameworks",
				);
				PRODUCT_BUNDLE_IDENTIFIER = com.codewithkyo.FoodPin;
				PRODUCT_NAME = "$(TARGET_NAME)";
				SWIFT_VERSION = 5.0;
				TARGETED_DEVICE_FAMILY = "1,2";
			};
			name = Debug;
		};
		7BF49EF926AC107F00718FCC /* Release */ = {
			isa = XCBuildConfiguration;
			buildSettings = {
				ASSETCATALOG_COMPILER_APPICON_NAME = AppIcon;
				ASSETCATALOG_COMPILER_GLOBAL_ACCENT_COLOR_NAME = AccentColor;
				CODE_SIGN_STYLE = Automatic;
				INFOPLIST_FILE = FoodPin/Info.plist;
				LD_RUNPATH_SEARCH_PATHS = (
					"$(inherited)",
					"@executable_path/Frameworks",
				);
				PRODUCT_BUNDLE_IDENTIFIER = com.codewithkyo.FoodPin;
				PRODUCT_NAME = "$(TARGET_NAME)";
				SWIFT_VERSION = 5.0;
				TARGETED_DEVICE_FAMILY = "1,2";
			};
			name = Release;
		};
/* End XCBuildConfiguration section */

/* Begin XCConfigurationList section */
		7BF49EDE26AC107A00718FCC /* Build configuration list for PBXProject "FoodPin" */ = {
			isa = XCConfigurationList;
			buildConfigurations = (
				7BF49EF526AC107F00718FCC /* Debug */,
				7BF49EF626AC107F00718FCC /* Release */,
			);
			defaultConfigurationIsVisible = 0;
			defaultConfigurationName = Release;
		};
		7BF49EF726AC107F00718FCC /* Build configuration list for PBXNativeTarget "FoodPin" */ = {
			isa = XCConfigurationList;
			buildConfigurations = (
				7BF49EF826AC107F00718FCC /* Debug */,
				7BF49EF926AC107F00718FCC /* Release */,
			);
			defaultConfigurationIsVisible = 0;
			defaultConfigurationName = Release;
		};
/* End XCConfigurationList section */
	};
	rootObject = 7BF49EDB26AC107A00718FCC /* Project object */;
}
