// !$*UTF8*$!
{
	archiveVersion = 1;
	classes = {
	};
	objectVersion = 50;
	objects = {

/* Begin PBXBuildFile section */
		7B383D0B26AD8A3600ECC04F /* Restaurant.swift in Sources */ = {isa = PBXBuildFile; fileRef = 7B383D0A26AD8A3600ECC04F /* Restaurant.swift */; };
		7B383D0E26AD914C00ECC04F /* RestaurantDiffableDataSource.swift in Sources */ = {isa = PBXBuildFile; fileRef = 7B383D0D26AD914C00ECC04F /* RestaurantDiffableDataSource.swift */; };
		7B383D1226AECD5D00ECC04F /* UITraitCollection+Ext.swift in Sources */ = {isa = PBXBuildFile; fileRef = 7B383D1126AECD5D00ECC04F /* UITraitCollection+Ext.swift */; };
		7B383D1826AF028A00ECC04F /* RestaurantDetailViewController.swift in Sources */ = {isa = PBXBuildFile; fileRef = 7B383D1726AF028900ECC04F /* RestaurantDetailViewController.swift */; };
		7B383D1B26AF073900ECC04F /* RocketSim Recording - iPhone 12 - 2021-07-27 00.06.51.gif in Resources */ = {isa = PBXBuildFile; fileRef = 7B383D1A26AF073900ECC04F /* RocketSim Recording - iPhone 12 - 2021-07-27 00.06.51.gif */; };
		7B41517526B5045D00E9C733 /* RestaurantDetailTextCell.swift in Sources */ = {isa = PBXBuildFile; fileRef = 7B41517426B5045D00E9C733 /* RestaurantDetailTextCell.swift */; };
		7B41517826B5092900E9C733 /* ResutaurantDetailTwoCell.swift in Sources */ = {isa = PBXBuildFile; fileRef = 7B41517726B5092900E9C733 /* ResutaurantDetailTwoCell.swift */; };
		7B41517D26B5136400E9C733 /* RocketSim Recording - iPhone 12 - 2021-07-31 14.12.21.gif in Resources */ = {isa = PBXBuildFile; fileRef = 7B41517C26B5136300E9C733 /* RocketSim Recording - iPhone 12 - 2021-07-31 14.12.21.gif */; };
		7B41518326B5828100E9C733 /* UIColor+Ext.swift in Sources */ = {isa = PBXBuildFile; fileRef = 7B41518226B5828100E9C733 /* UIColor+Ext.swift */; };
		7B41518726B58CD200E9C733 /* NavigationController.swift in Sources */ = {isa = PBXBuildFile; fileRef = 7B41518626B58CD200E9C733 /* NavigationController.swift */; };
		7B41519026B639DD00E9C733 /* RocketSim Recording - iPhone 11 - 2021-08-01 11.08.04.gif in Resources */ = {isa = PBXBuildFile; fileRef = 7B41518F26B639DC00E9C733 /* RocketSim Recording - iPhone 11 - 2021-08-01 11.08.04.gif */; };
		7B41519326B63A6A00E9C733 /* RocketSim Recording - iPhone 11 - 2021-08-01 11.10.28.gif in Resources */ = {isa = PBXBuildFile; fileRef = 7B41519226B63A6900E9C733 /* RocketSim Recording - iPhone 11 - 2021-08-01 11.10.28.gif */; };
		7B41519826B6634F00E9C733 /* MapKit.framework in Frameworks */ = {isa = PBXBuildFile; fileRef = 7B41519726B6634F00E9C733 /* MapKit.framework */; };
		7B41519B26B6665900E9C733 /* RestaurantDetailMapCell.swift in Sources */ = {isa = PBXBuildFile; fileRef = 7B41519A26B6665900E9C733 /* RestaurantDetailMapCell.swift */; };
		7B4151A026B676EC00E9C733 /* MapViewController.swift in Sources */ = {isa = PBXBuildFile; fileRef = 7B41519F26B676EA00E9C733 /* MapViewController.swift */; };
		7B6F4C2526B82E1B00A78B10 /* RoundedTextField.swift in Sources */ = {isa = PBXBuildFile; fileRef = 7B6F4C2426B82E1B00A78B10 /* RoundedTextField.swift */; };
		7B6F4C2826B8AEBB00A78B10 /* NewRestaurantController.swift in Sources */ = {isa = PBXBuildFile; fileRef = 7B6F4C2726B8AEBB00A78B10 /* NewRestaurantController.swift */; };
		7B6F4C2B26B8CAC600A78B10 /* RocketSim Recording - iPhone 12 - 2021-08-03 09.46.44.gif in Resources */ = {isa = PBXBuildFile; fileRef = 7B6F4C2A26B8CAC600A78B10 /* RocketSim Recording - iPhone 12 - 2021-08-03 09.46.44.gif */; };
		7BB28F4826B4DE4A00184C0D /* Nunito-Regular.ttf in Resources */ = {isa = PBXBuildFile; fileRef = 7BB28F4726B4DE4A00184C0D /* Nunito-Regular.ttf */; };
		7BB28F4B26B4DE6500184C0D /* Nunito-Bold.ttf in Resources */ = {isa = PBXBuildFile; fileRef = 7BB28F4A26B4DE6500184C0D /* Nunito-Bold.ttf */; };
		7BB28F4E26B4ED5F00184C0D /* RestaurantDetailHeaderView.swift in Sources */ = {isa = PBXBuildFile; fileRef = 7BB28F4D26B4ED5F00184C0D /* RestaurantDetailHeaderView.swift */; };
		7BD35E1926B7003500D5C985 /* RocketSim Recording - iPhone 12 - 2021-08-02 01.14.26.gif in Resources */ = {isa = PBXBuildFile; fileRef = 7BD35E1826B7003500D5C985 /* RocketSim Recording - iPhone 12 - 2021-08-02 01.14.26.gif */; };
		7BD35E1E26B7678A00D5C985 /* ReviewViewController.swift in Sources */ = {isa = PBXBuildFile; fileRef = 7BD35E1D26B7678A00D5C985 /* ReviewViewController.swift */; };
		7BD35E2126B79D5A00D5C985 /* RocketSim Recording - iPhone 12 - 2021-08-02 12.25.37.gif in Resources */ = {isa = PBXBuildFile; fileRef = 7BD35E2026B79D5A00D5C985 /* RocketSim Recording - iPhone 12 - 2021-08-02 12.25.37.gif */; };
		7BD35E2426B7A03E00D5C985 /* RocketSim Recording - iPhone 12 - 2021-08-02 12.38.04.gif in Resources */ = {isa = PBXBuildFile; fileRef = 7BD35E2326B7A03E00D5C985 /* RocketSim Recording - iPhone 12 - 2021-08-02 12.38.04.gif */; };
		7BD8E76526B7F2AF00A0F7B0 /* RocketSim Recording - iPhone 12 - 2021-08-02 18.18.04.gif in Resources */ = {isa = PBXBuildFile; fileRef = 7BD8E76426B7F2AF00A0F7B0 /* RocketSim Recording - iPhone 12 - 2021-08-02 18.18.04.gif */; };
		7BF49EE726AC107A00718FCC /* AppDelegate.swift in Sources */ = {isa = PBXBuildFile; fileRef = 7BF49EE626AC107A00718FCC /* AppDelegate.swift */; };
		7BF49EE926AC107A00718FCC /* SceneDelegate.swift in Sources */ = {isa = PBXBuildFile; fileRef = 7BF49EE826AC107A00718FCC /* SceneDelegate.swift */; };
		7BF49EEE26AC107A00718FCC /* Main.storyboard in Resources */ = {isa = PBXBuildFile; fileRef = 7BF49EEC26AC107A00718FCC /* Main.storyboard */; };
		7BF49EF026AC107E00718FCC /* Assets.xcassets in Resources */ = {isa = PBXBuildFile; fileRef = 7BF49EEF26AC107E00718FCC /* Assets.xcassets */; };
		7BF49EF326AC107E00718FCC /* LaunchScreen.storyboard in Resources */ = {isa = PBXBuildFile; fileRef = 7BF49EF126AC107E00718FCC /* LaunchScreen.storyboard */; };
		7BF49F0126AC176D00718FCC /* RestaurantTableViewController.swift in Sources */ = {isa = PBXBuildFile; fileRef = 7BF49F0026AC176D00718FCC /* RestaurantTableViewController.swift */; };
		7BF49F0426AC448500718FCC /* RestaurantTableViewCell.swift in Sources */ = {isa = PBXBuildFile; fileRef = 7BF49F0326AC448500718FCC /* RestaurantTableViewCell.swift */; };
		7BF49F0726AD3A8300718FCC /* RocketSim Recording - iPhone 12 - 2021-07-25 15.20.45.gif in Resources */ = {isa = PBXBuildFile; fileRef = 7BF49F0626AD3A8300718FCC /* RocketSim Recording - iPhone 12 - 2021-07-25 15.20.45.gif */; };
/* End PBXBuildFile section */

/* Begin PBXFileReference section */
		7B383D0A26AD8A3600ECC04F /* Restaurant.swift */ = {isa = PBXFileReference; lastKnownFileType = sourcecode.swift; path = Restaurant.swift; sourceTree = "<group>"; };
		7B383D0D26AD914C00ECC04F /* RestaurantDiffableDataSource.swift */ = {isa = PBXFileReference; lastKnownFileType = sourcecode.swift; path = RestaurantDiffableDataSource.swift; sourceTree = "<group>"; };
		7B383D1126AECD5D00ECC04F /* UITraitCollection+Ext.swift */ = {isa = PBXFileReference; lastKnownFileType = sourcecode.swift; path = "UITraitCollection+Ext.swift"; sourceTree = "<group>"; };
		7B383D1726AF028900ECC04F /* RestaurantDetailViewController.swift */ = {isa = PBXFileReference; lastKnownFileType = sourcecode.swift; path = RestaurantDetailViewController.swift; sourceTree = "<group>"; };
		7B383D1A26AF073900ECC04F /* RocketSim Recording - iPhone 12 - 2021-07-27 00.06.51.gif */ = {isa = PBXFileReference; lastKnownFileType = image.gif; path = "RocketSim Recording - iPhone 12 - 2021-07-27 00.06.51.gif"; sourceTree = "<group>"; };
		7B41517426B5045D00E9C733 /* RestaurantDetailTextCell.swift */ = {isa = PBXFileReference; lastKnownFileType = sourcecode.swift; path = RestaurantDetailTextCell.swift; sourceTree = "<group>"; };
		7B41517726B5092900E9C733 /* ResutaurantDetailTwoCell.swift */ = {isa = PBXFileReference; lastKnownFileType = sourcecode.swift; path = ResutaurantDetailTwoCell.swift; sourceTree = "<group>"; };
		7B41517C26B5136300E9C733 /* RocketSim Recording - iPhone 12 - 2021-07-31 14.12.21.gif */ = {isa = PBXFileReference; lastKnownFileType = image.gif; path = "RocketSim Recording - iPhone 12 - 2021-07-31 14.12.21.gif"; sourceTree = "<group>"; };
		7B41518226B5828100E9C733 /* UIColor+Ext.swift */ = {isa = PBXFileReference; lastKnownFileType = sourcecode.swift; path = "UIColor+Ext.swift"; sourceTree = "<group>"; };
		7B41518626B58CD200E9C733 /* NavigationController.swift */ = {isa = PBXFileReference; lastKnownFileType = sourcecode.swift; path = NavigationController.swift; sourceTree = "<group>"; };
		7B41518F26B639DC00E9C733 /* RocketSim Recording - iPhone 11 - 2021-08-01 11.08.04.gif */ = {isa = PBXFileReference; lastKnownFileType = image.gif; path = "RocketSim Recording - iPhone 11 - 2021-08-01 11.08.04.gif"; sourceTree = "<group>"; };
		7B41519226B63A6900E9C733 /* RocketSim Recording - iPhone 11 - 2021-08-01 11.10.28.gif */ = {isa = PBXFileReference; lastKnownFileType = image.gif; path = "RocketSim Recording - iPhone 11 - 2021-08-01 11.10.28.gif"; sourceTree = "<group>"; };
		7B41519726B6634F00E9C733 /* MapKit.framework */ = {isa = PBXFileReference; lastKnownFileType = wrapper.framework; name = MapKit.framework; path = System/Library/Frameworks/MapKit.framework; sourceTree = SDKROOT; };
		7B41519A26B6665900E9C733 /* RestaurantDetailMapCell.swift */ = {isa = PBXFileReference; lastKnownFileType = sourcecode.swift; path = RestaurantDetailMapCell.swift; sourceTree = "<group>"; };
		7B41519F26B676EA00E9C733 /* MapViewController.swift */ = {isa = PBXFileReference; lastKnownFileType = sourcecode.swift; path = MapViewController.swift; sourceTree = "<group>"; };
		7B6F4C2426B82E1B00A78B10 /* RoundedTextField.swift */ = {isa = PBXFileReference; lastKnownFileType = sourcecode.swift; path = RoundedTextField.swift; sourceTree = "<group>"; };
		7B6F4C2726B8AEBB00A78B10 /* NewRestaurantController.swift */ = {isa = PBXFileReference; lastKnownFileType = sourcecode.swift; path = NewRestaurantController.swift; sourceTree = "<group>"; };
		7B6F4C2A26B8CAC600A78B10 /* RocketSim Recording - iPhone 12 - 2021-08-03 09.46.44.gif */ = {isa = PBXFileReference; lastKnownFileType = image.gif; path = "RocketSim Recording - iPhone 12 - 2021-08-03 09.46.44.gif"; sourceTree = "<group>"; };
		7BB28F4726B4DE4A00184C0D /* Nunito-Regular.ttf */ = {isa = PBXFileReference; lastKnownFileType = file; path = "Nunito-Regular.ttf"; sourceTree = "<group>"; };
		7BB28F4A26B4DE6500184C0D /* Nunito-Bold.ttf */ = {isa = PBXFileReference; lastKnownFileType = file; path = "Nunito-Bold.ttf"; sourceTree = "<group>"; };
		7BB28F4D26B4ED5F00184C0D /* RestaurantDetailHeaderView.swift */ = {isa = PBXFileReference; lastKnownFileType = sourcecode.swift; path = RestaurantDetailHeaderView.swift; sourceTree = "<group>"; };
		7BD35E1826B7003500D5C985 /* RocketSim Recording - iPhone 12 - 2021-08-02 01.14.26.gif */ = {isa = PBXFileReference; lastKnownFileType = image.gif; path = "RocketSim Recording - iPhone 12 - 2021-08-02 01.14.26.gif"; sourceTree = "<group>"; };
		7BD35E1D26B7678A00D5C985 /* ReviewViewController.swift */ = {isa = PBXFileReference; lastKnownFileType = sourcecode.swift; path = ReviewViewController.swift; sourceTree = "<group>"; };
		7BD35E2026B79D5A00D5C985 /* RocketSim Recording - iPhone 12 - 2021-08-02 12.25.37.gif */ = {isa = PBXFileReference; lastKnownFileType = image.gif; path = "RocketSim Recording - iPhone 12 - 2021-08-02 12.25.37.gif"; sourceTree = "<group>"; };
		7BD35E2326B7A03E00D5C985 /* RocketSim Recording - iPhone 12 - 2021-08-02 12.38.04.gif */ = {isa = PBXFileReference; lastKnownFileType = image.gif; path = "RocketSim Recording - iPhone 12 - 2021-08-02 12.38.04.gif"; sourceTree = "<group>"; };
		7BD8E76426B7F2AF00A0F7B0 /* RocketSim Recording - iPhone 12 - 2021-08-02 18.18.04.gif */ = {isa = PBXFileReference; lastKnownFileType = image.gif; path = "RocketSim Recording - iPhone 12 - 2021-08-02 18.18.04.gif"; sourceTree = "<group>"; };
		7BF49EE326AC107A00718FCC /* FoodPin.app */ = {isa = PBXFileReference; explicitFileType = wrapper.application; includeInIndex = 0; path = FoodPin.app; sourceTree = BUILT_PRODUCTS_DIR; };
		7BF49EE626AC107A00718FCC /* AppDelegate.swift */ = {isa = PBXFileReference; lastKnownFileType = sourcecode.swift; path = AppDelegate.swift; sourceTree = "<group>"; };
		7BF49EE826AC107A00718FCC /* SceneDelegate.swift */ = {isa = PBXFileReference; lastKnownFileType = sourcecode.swift; path = SceneDelegate.swift; sourceTree = "<group>"; };
		7BF49EED26AC107A00718FCC /* Base */ = {isa = PBXFileReference; lastKnownFileType = file.storyboard; name = Base; path = Base.lproj/Main.storyboard; sourceTree = "<group>"; };
		7BF49EEF26AC107E00718FCC /* Assets.xcassets */ = {isa = PBXFileReference; lastKnownFileType = folder.assetcatalog; path = Assets.xcassets; sourceTree = "<group>"; };
		7BF49EF226AC107E00718FCC /* Base */ = {isa = PBXFileReference; lastKnownFileType = file.storyboard; name = Base; path = Base.lproj/LaunchScreen.storyboard; sourceTree = "<group>"; };
		7BF49EF426AC107F00718FCC /* Info.plist */ = {isa = PBXFileReference; lastKnownFileType = text.plist.xml; path = Info.plist; sourceTree = "<group>"; };
		7BF49F0026AC176D00718FCC /* RestaurantTableViewController.swift */ = {isa = PBXFileReference; lastKnownFileType = sourcecode.swift; path = RestaurantTableViewController.swift; sourceTree = "<group>"; };
		7BF49F0326AC448500718FCC /* RestaurantTableViewCell.swift */ = {isa = PBXFileReference; lastKnownFileType = sourcecode.swift; path = RestaurantTableViewCell.swift; sourceTree = "<group>"; };
		7BF49F0626AD3A8300718FCC /* RocketSim Recording - iPhone 12 - 2021-07-25 15.20.45.gif */ = {isa = PBXFileReference; lastKnownFileType = image.gif; path = "RocketSim Recording - iPhone 12 - 2021-07-25 15.20.45.gif"; sourceTree = "<group>"; };
/* End PBXFileReference section */

/* Begin PBXFrameworksBuildPhase section */
		7BF49EE026AC107A00718FCC /* Frameworks */ = {
			isa = PBXFrameworksBuildPhase;
			buildActionMask = 2147483647;
			files = (
				7B41519826B6634F00E9C733 /* MapKit.framework in Frameworks */,
			);
			runOnlyForDeploymentPostprocessing = 0;
		};
/* End PBXFrameworksBuildPhase section */

/* Begin PBXGroup section */
		7B383D0326AD88AB00ECC04F /* Model */ = {
			isa = PBXGroup;
			children = (
				7B383D0D26AD914C00ECC04F /* RestaurantDiffableDataSource.swift */,
				7B383D0A26AD8A3600ECC04F /* Restaurant.swift */,
			);
			path = Model;
			sourceTree = "<group>";
		};
		7B383D0426AD88B400ECC04F /* View */ = {
			isa = PBXGroup;
			children = (
				7B41519A26B6665900E9C733 /* RestaurantDetailMapCell.swift */,
				7BF49F0326AC448500718FCC /* RestaurantTableViewCell.swift */,
				7BB28F4D26B4ED5F00184C0D /* RestaurantDetailHeaderView.swift */,
				7B41517426B5045D00E9C733 /* RestaurantDetailTextCell.swift */,
				7B41517726B5092900E9C733 /* ResutaurantDetailTwoCell.swift */,
				7B6F4C2426B82E1B00A78B10 /* RoundedTextField.swift */,
			);
			path = View;
			sourceTree = "<group>";
		};
		7B383D0526AD88BC00ECC04F /* Controller */ = {
			isa = PBXGroup;
			children = (
				7BF49F0026AC176D00718FCC /* RestaurantTableViewController.swift */,
				7B383D1726AF028900ECC04F /* RestaurantDetailViewController.swift */,
				7B41518626B58CD200E9C733 /* NavigationController.swift */,
				7B41519F26B676EA00E9C733 /* MapViewController.swift */,
				7BD35E1D26B7678A00D5C985 /* ReviewViewController.swift */,
				7B6F4C2726B8AEBB00A78B10 /* NewRestaurantController.swift */,
			);
			path = Controller;
			sourceTree = "<group>";
		};
		7B383D0626AD88C600ECC04F /* Storyboard */ = {
			isa = PBXGroup;
			children = (
				7BF49EEC26AC107A00718FCC /* Main.storyboard */,
				7BF49EF126AC107E00718FCC /* LaunchScreen.storyboard */,
			);
			path = Storyboard;
			sourceTree = "<group>";
		};
		7B383D1026AECD0C00ECC04F /* Extention */ = {
			isa = PBXGroup;
			children = (
				7B383D1126AECD5D00ECC04F /* UITraitCollection+Ext.swift */,
				7B41518226B5828100E9C733 /* UIColor+Ext.swift */,
			);
			path = Extention;
			sourceTree = "<group>";
		};
		7B41518D26B61EFF00E9C733 /* Resources */ = {
			isa = PBXGroup;
			children = (
				7BB28F4026B2BDE400184C0D /* Fonts */,
			);
			path = Resources;
			sourceTree = "<group>";
		};
		7B41519626B6634F00E9C733 /* Frameworks */ = {
			isa = PBXGroup;
			children = (
				7B41519726B6634F00E9C733 /* MapKit.framework */,
			);
			name = Frameworks;
			sourceTree = "<group>";
		};
		7BB28F4026B2BDE400184C0D /* Fonts */ = {
			isa = PBXGroup;
			children = (
				7BB28F4A26B4DE6500184C0D /* Nunito-Bold.ttf */,
				7BB28F4726B4DE4A00184C0D /* Nunito-Regular.ttf */,
			);
			path = Fonts;
			sourceTree = "<group>";
		};
		7BF49EDA26AC107A00718FCC = {
			isa = PBXGroup;
			children = (
				7B6F4C2A26B8CAC600A78B10 /* RocketSim Recording - iPhone 12 - 2021-08-03 09.46.44.gif */,
				7BD8E76426B7F2AF00A0F7B0 /* RocketSim Recording - iPhone 12 - 2021-08-02 18.18.04.gif */,
				7BD35E2326B7A03E00D5C985 /* RocketSim Recording - iPhone 12 - 2021-08-02 12.38.04.gif */,
				7BD35E2026B79D5A00D5C985 /* RocketSim Recording - iPhone 12 - 2021-08-02 12.25.37.gif */,
				7BD35E1826B7003500D5C985 /* RocketSim Recording - iPhone 12 - 2021-08-02 01.14.26.gif */,
				7B41519226B63A6900E9C733 /* RocketSim Recording - iPhone 11 - 2021-08-01 11.10.28.gif */,
				7B41518F26B639DC00E9C733 /* RocketSim Recording - iPhone 11 - 2021-08-01 11.08.04.gif */,
				7BF49F0626AD3A8300718FCC /* RocketSim Recording - iPhone 12 - 2021-07-25 15.20.45.gif */,
				7B383D1A26AF073900ECC04F /* RocketSim Recording - iPhone 12 - 2021-07-27 00.06.51.gif */,
				7B41517C26B5136300E9C733 /* RocketSim Recording - iPhone 12 - 2021-07-31 14.12.21.gif */,
				7BF49EE526AC107A00718FCC /* FoodPin */,
				7BF49EE426AC107A00718FCC /* Products */,
				7B41519626B6634F00E9C733 /* Frameworks */,
			);
			sourceTree = "<group>";
		};
		7BF49EE426AC107A00718FCC /* Products */ = {
			isa = PBXGroup;
			children = (
				7BF49EE326AC107A00718FCC /* FoodPin.app */,
			);
			name = Products;
			sourceTree = "<group>";
		};
		7BF49EE526AC107A00718FCC /* FoodPin */ = {
			isa = PBXGroup;
			children = (
				7B41518D26B61EFF00E9C733 /* Resources */,
				7B383D1026AECD0C00ECC04F /* Extention */,
				7B383D0626AD88C600ECC04F /* Storyboard */,
				7B383D0526AD88BC00ECC04F /* Controller */,
				7B383D0426AD88B400ECC04F /* View */,
				7B383D0326AD88AB00ECC04F /* Model */,
				7BF49EE626AC107A00718FCC /* AppDelegate.swift */,
				7BF49EE826AC107A00718FCC /* SceneDelegate.swift */,
				7BF49EEF26AC107E00718FCC /* Assets.xcassets */,
				7BF49EF426AC107F00718FCC /* Info.plist */,
			);
			path = FoodPin;
			sourceTree = "<group>";
		};
/* End PBXGroup section */

/* Begin PBXNativeTarget section */
		7BF49EE226AC107A00718FCC /* FoodPin */ = {
			isa = PBXNativeTarget;
			buildConfigurationList = 7BF49EF726AC107F00718FCC /* Build configuration list for PBXNativeTarget "FoodPin" */;
			buildPhases = (
				7BF49EDF26AC107A00718FCC /* Sources */,
				7BF49EE026AC107A00718FCC /* Frameworks */,
				7BF49EE126AC107A00718FCC /* Resources */,
			);
			buildRules = (
			);
			dependencies = (
			);
			name = FoodPin;
			productName = FoodPin;
			productReference = 7BF49EE326AC107A00718FCC /* FoodPin.app */;
			productType = "com.apple.product-type.application";
		};
/* End PBXNativeTarget section */

/* Begin PBXProject section */
		7BF49EDB26AC107A00718FCC /* Project object */ = {
			isa = PBXProject;
			attributes = {
				LastSwiftUpdateCheck = 1240;
				LastUpgradeCheck = 1240;
				TargetAttributes = {
					7BF49EE226AC107A00718FCC = {
						CreatedOnToolsVersion = 12.4;
					};
				};
			};
			buildConfigurationList = 7BF49EDE26AC107A00718FCC /* Build configuration list for PBXProject "FoodPin" */;
			compatibilityVersion = "Xcode 9.3";
			developmentRegion = en;
			hasScannedForEncodings = 0;
			knownRegions = (
				en,
				Base,
			);
			mainGroup = 7BF49EDA26AC107A00718FCC;
			productRefGroup = 7BF49EE426AC107A00718FCC /* Products */;
			projectDirPath = "";
			projectRoot = "";
			targets = (
				7BF49EE226AC107A00718FCC /* FoodPin */,
			);
		};
/* End PBXProject section */

/* Begin PBXResourcesBuildPhase section */
		7BF49EE126AC107A00718FCC /* Resources */ = {
			isa = PBXResourcesBuildPhase;
			buildActionMask = 2147483647;
			files = (
				7BD35E2126B79D5A00D5C985 /* RocketSim Recording - iPhone 12 - 2021-08-02 12.25.37.gif in Resources */,
				7B41519026B639DD00E9C733 /* RocketSim Recording - iPhone 11 - 2021-08-01 11.08.04.gif in Resources */,
				7BD8E76526B7F2AF00A0F7B0 /* RocketSim Recording - iPhone 12 - 2021-08-02 18.18.04.gif in Resources */,
				7BB28F4B26B4DE6500184C0D /* Nunito-Bold.ttf in Resources */,
				7B6F4C2B26B8CAC600A78B10 /* RocketSim Recording - iPhone 12 - 2021-08-03 09.46.44.gif in Resources */,
				7BB28F4826B4DE4A00184C0D /* Nunito-Regular.ttf in Resources */,
				7BD35E1926B7003500D5C985 /* RocketSim Recording - iPhone 12 - 2021-08-02 01.14.26.gif in Resources */,
				7B41519326B63A6A00E9C733 /* RocketSim Recording - iPhone 11 - 2021-08-01 11.10.28.gif in Resources */,
				7BF49EF326AC107E00718FCC /* LaunchScreen.storyboard in Resources */,
				7BD35E2426B7A03E00D5C985 /* RocketSim Recording - iPhone 12 - 2021-08-02 12.38.04.gif in Resources */,
				7BF49F0726AD3A8300718FCC /* RocketSim Recording - iPhone 12 - 2021-07-25 15.20.45.gif in Resources */,
				7B41517D26B5136400E9C733 /* RocketSim Recording - iPhone 12 - 2021-07-31 14.12.21.gif in Resources */,
				7BF49EF026AC107E00718FCC /* Assets.xcassets in Resources */,
				7BF49EEE26AC107A00718FCC /* Main.storyboard in Resources */,
				7B383D1B26AF073900ECC04F /* RocketSim Recording - iPhone 12 - 2021-07-27 00.06.51.gif in Resources */,
			);
			runOnlyForDeploymentPostprocessing = 0;
		};
/* End PBXResourcesBuildPhase section */

/* Begin PBXSourcesBuildPhase section */
		7BF49EDF26AC107A00718FCC /* Sources */ = {
			isa = PBXSourcesBuildPhase;
			buildActionMask = 2147483647;
			files = (
				7B383D0B26AD8A3600ECC04F /* Restaurant.swift in Sources */,
				7B6F4C2526B82E1B00A78B10 /* RoundedTextField.swift in Sources */,
				7BF49F0426AC448500718FCC /* RestaurantTableViewCell.swift in Sources */,
				7B41517526B5045D00E9C733 /* RestaurantDetailTextCell.swift in Sources */,
				7B383D1826AF028A00ECC04F /* RestaurantDetailViewController.swift in Sources */,
				7BB28F4E26B4ED5F00184C0D /* RestaurantDetailHeaderView.swift in Sources */,
				7BF49F0126AC176D00718FCC /* RestaurantTableViewController.swift in Sources */,
				7B6F4C2826B8AEBB00A78B10 /* NewRestaurantController.swift in Sources */,
				7BD35E1E26B7678A00D5C985 /* ReviewViewController.swift in Sources */,
				7B41519B26B6665900E9C733 /* RestaurantDetailMapCell.swift in Sources */,
				7BF49EE726AC107A00718FCC /* AppDelegate.swift in Sources */,
				7B383D0E26AD914C00ECC04F /* RestaurantDiffableDataSource.swift in Sources */,
				7B41518726B58CD200E9C733 /* NavigationController.swift in Sources */,
				7BF49EE926AC107A00718FCC /* SceneDelegate.swift in Sources */,
				7B41518326B5828100E9C733 /* UIColor+Ext.swift in Sources */,
				7B383D1226AECD5D00ECC04F /* UITraitCollection+Ext.swift in Sources */,
				7B4151A026B676EC00E9C733 /* MapViewController.swift in Sources */,
				7B41517826B5092900E9C733 /* ResutaurantDetailTwoCell.swift in Sources */,
			);
			runOnlyForDeploymentPostprocessing = 0;
		};
/* End PBXSourcesBuildPhase section */

/* Begin PBXVariantGroup section */
		7BF49EEC26AC107A00718FCC /* Main.storyboard */ = {
			isa = PBXVariantGroup;
			children = (
				7BF49EED26AC107A00718FCC /* Base */,
			);
			name = Main.storyboard;
			sourceTree = "<group>";
		};
		7BF49EF126AC107E00718FCC /* LaunchScreen.storyboard */ = {
			isa = PBXVariantGroup;
			children = (
				7BF49EF226AC107E00718FCC /* Base */,
			);
			name = LaunchScreen.storyboard;
			sourceTree = "<group>";
		};
/* End PBXVariantGroup section */

/* Begin XCBuildConfiguration section */
		7BF49EF526AC107F00718FCC /* Debug */ = {
			isa = XCBuildConfiguration;
			buildSettings = {
				ALWAYS_SEARCH_USER_PATHS = NO;
				CLANG_ANALYZER_NONNULL = YES;
				CLANG_ANALYZER_NUMBER_OBJECT_CONVERSION = YES_AGGRESSIVE;
				CLANG_CXX_LANGUAGE_STANDARD = "gnu++14";
				CLANG_CXX_LIBRARY = "libc++";
				CLANG_ENABLE_MODULES = YES;
				CLANG_ENABLE_OBJC_ARC = YES;
				CLANG_ENABLE_OBJC_WEAK = YES;
				CLANG_WARN_BLOCK_CAPTURE_AUTORELEASING = YES;
				CLANG_WARN_BOOL_CONVERSION = YES;
				CLANG_WARN_COMMA = YES;
				CLANG_WARN_CONSTANT_CONVERSION = YES;
				CLANG_WARN_DEPRECATED_OBJC_IMPLEMENTATIONS = YES;
				CLANG_WARN_DIRECT_OBJC_ISA_USAGE = YES_ERROR;
				CLANG_WARN_DOCUMENTATION_COMMENTS = YES;
				CLANG_WARN_EMPTY_BODY = YES;
				CLANG_WARN_ENUM_CONVERSION = YES;
				CLANG_WARN_INFINITE_RECURSION = YES;
				CLANG_WARN_INT_CONVERSION = YES;
				CLANG_WARN_NON_LITERAL_NULL_CONVERSION = YES;
				CLANG_WARN_OBJC_IMPLICIT_RETAIN_SELF = YES;
				CLANG_WARN_OBJC_LITERAL_CONVERSION = YES;
				CLANG_WARN_OBJC_ROOT_CLASS = YES_ERROR;
				CLANG_WARN_QUOTED_INCLUDE_IN_FRAMEWORK_HEADER = YES;
				CLANG_WARN_RANGE_LOOP_ANALYSIS = YES;
				CLANG_WARN_STRICT_PROTOTYPES = YES;
				CLANG_WARN_SUSPICIOUS_MOVE = YES;
				CLANG_WARN_UNGUARDED_AVAILABILITY = YES_AGGRESSIVE;
				CLANG_WARN_UNREACHABLE_CODE = YES;
				CLANG_WARN__DUPLICATE_METHOD_MATCH = YES;
				COPY_PHASE_STRIP = NO;
				DEBUG_INFORMATION_FORMAT = dwarf;
				ENABLE_STRICT_OBJC_MSGSEND = YES;
				ENABLE_TESTABILITY = YES;
				GCC_C_LANGUAGE_STANDARD = gnu11;
				GCC_DYNAMIC_NO_PIC = NO;
				GCC_NO_COMMON_BLOCKS = YES;
				GCC_OPTIMIZATION_LEVEL = 0;
				GCC_PREPROCESSOR_DEFINITIONS = (
					"DEBUG=1",
					"$(inherited)",
				);
				GCC_WARN_64_TO_32_BIT_CONVERSION = YES;
				GCC_WARN_ABOUT_RETURN_TYPE = YES_ERROR;
				GCC_WARN_UNDECLARED_SELECTOR = YES;
				GCC_WARN_UNINITIALIZED_AUTOS = YES_AGGRESSIVE;
				GCC_WARN_UNUSED_FUNCTION = YES;
				GCC_WARN_UNUSED_VARIABLE = YES;
				IPHONEOS_DEPLOYMENT_TARGET = 14.4;
				MTL_ENABLE_DEBUG_INFO = INCLUDE_SOURCE;
				MTL_FAST_MATH = YES;
				ONLY_ACTIVE_ARCH = YES;
				SDKROOT = iphoneos;
				SWIFT_ACTIVE_COMPILATION_CONDITIONS = DEBUG;
				SWIFT_OPTIMIZATION_LEVEL = "-Onone";
			};
			name = Debug;
		};
		7BF49EF626AC107F00718FCC /* Release */ = {
			isa = XCBuildConfiguration;
			buildSettings = {
				ALWAYS_SEARCH_USER_PATHS = NO;
				CLANG_ANALYZER_NONNULL = YES;
				CLANG_ANALYZER_NUMBER_OBJECT_CONVERSION = YES_AGGRESSIVE;
				CLANG_CXX_LANGUAGE_STANDARD = "gnu++14";
				CLANG_CXX_LIBRARY = "libc++";
				CLANG_ENABLE_MODULES = YES;
				CLANG_ENABLE_OBJC_ARC = YES;
				CLANG_ENABLE_OBJC_WEAK = YES;
				CLANG_WARN_BLOCK_CAPTURE_AUTORELEASING = YES;
				CLANG_WARN_BOOL_CONVERSION = YES;
				CLANG_WARN_COMMA = YES;
				CLANG_WARN_CONSTANT_CONVERSION = YES;
				CLANG_WARN_DEPRECATED_OBJC_IMPLEMENTATIONS = YES;
				CLANG_WARN_DIRECT_OBJC_ISA_USAGE = YES_ERROR;
				CLANG_WARN_DOCUMENTATION_COMMENTS = YES;
				CLANG_WARN_EMPTY_BODY = YES;
				CLANG_WARN_ENUM_CONVERSION = YES;
				CLANG_WARN_INFINITE_RECURSION = YES;
				CLANG_WARN_INT_CONVERSION = YES;
				CLANG_WARN_NON_LITERAL_NULL_CONVERSION = YES;
				CLANG_WARN_OBJC_IMPLICIT_RETAIN_SELF = YES;
				CLANG_WARN_OBJC_LITERAL_CONVERSION = YES;
				CLANG_WARN_OBJC_ROOT_CLASS = YES_ERROR;
				CLANG_WARN_QUOTED_INCLUDE_IN_FRAMEWORK_HEADER = YES;
				CLANG_WARN_RANGE_LOOP_ANALYSIS = YES;
				CLANG_WARN_STRICT_PROTOTYPES = YES;
				CLANG_WARN_SUSPICIOUS_MOVE = YES;
				CLANG_WARN_UNGUARDED_AVAILABILITY = YES_AGGRESSIVE;
				CLANG_WARN_UNREACHABLE_CODE = YES;
				CLANG_WARN__DUPLICATE_METHOD_MATCH = YES;
				COPY_PHASE_STRIP = NO;
				DEBUG_INFORMATION_FORMAT = "dwarf-with-dsym";
				ENABLE_NS_ASSERTIONS = NO;
				ENABLE_STRICT_OBJC_MSGSEND = YES;
				GCC_C_LANGUAGE_STANDARD = gnu11;
				GCC_NO_COMMON_BLOCKS = YES;
				GCC_WARN_64_TO_32_BIT_CONVERSION = YES;
				GCC_WARN_ABOUT_RETURN_TYPE = YES_ERROR;
				GCC_WARN_UNDECLARED_SELECTOR = YES;
				GCC_WARN_UNINITIALIZED_AUTOS = YES_AGGRESSIVE;
				GCC_WARN_UNUSED_FUNCTION = YES;
				GCC_WARN_UNUSED_VARIABLE = YES;
				IPHONEOS_DEPLOYMENT_TARGET = 14.4;
				MTL_ENABLE_DEBUG_INFO = NO;
				MTL_FAST_MATH = YES;
				SDKROOT = iphoneos;
				SWIFT_COMPILATION_MODE = wholemodule;
				SWIFT_OPTIMIZATION_LEVEL = "-O";
				VALIDATE_PRODUCT = YES;
			};
			name = Release;
		};
		7BF49EF826AC107F00718FCC /* Debug */ = {
			isa = XCBuildConfiguration;
			buildSettings = {
				ASSETCATALOG_COMPILER_APPICON_NAME = AppIcon;
				ASSETCATALOG_COMPILER_GLOBAL_ACCENT_COLOR_NAME = AccentColor;
				CODE_SIGN_STYLE = Automatic;
				INFOPLIST_FILE = FoodPin/Info.plist;
				LD_RUNPATH_SEARCH_PATHS = (
					"$(inherited)",
					"@executable_path/Frameworks",
				);
				PRODUCT_BUNDLE_IDENTIFIER = com.codewithkyo.FoodPin;
				PRODUCT_NAME = "$(TARGET_NAME)";
				SWIFT_VERSION = 5.0;
				TARGETED_DEVICE_FAMILY = "1,2";
			};
			name = Debug;
		};
		7BF49EF926AC107F00718FCC /* Release */ = {
			isa = XCBuildConfiguration;
			buildSettings = {
				ASSETCATALOG_COMPILER_APPICON_NAME = AppIcon;
				ASSETCATALOG_COMPILER_GLOBAL_ACCENT_COLOR_NAME = AccentColor;
				CODE_SIGN_STYLE = Automatic;
				INFOPLIST_FILE = FoodPin/Info.plist;
				LD_RUNPATH_SEARCH_PATHS = (
					"$(inherited)",
					"@executable_path/Frameworks",
				);
				PRODUCT_BUNDLE_IDENTIFIER = com.codewithkyo.FoodPin;
				PRODUCT_NAME = "$(TARGET_NAME)";
				SWIFT_VERSION = 5.0;
				TARGETED_DEVICE_FAMILY = "1,2";
			};
			name = Release;
		};
/* End XCBuildConfiguration section */

/* Begin XCConfigurationList section */
		7BF49EDE26AC107A00718FCC /* Build configuration list for PBXProject "FoodPin" */ = {
			isa = XCConfigurationList;
			buildConfigurations = (
				7BF49EF526AC107F00718FCC /* Debug */,
				7BF49EF626AC107F00718FCC /* Release */,
			);
			defaultConfigurationIsVisible = 0;
			defaultConfigurationName = Release;
		};
		7BF49EF726AC107F00718FCC /* Build configuration list for PBXNativeTarget "FoodPin" */ = {
			isa = XCConfigurationList;
			buildConfigurations = (
				7BF49EF826AC107F00718FCC /* Debug */,
				7BF49EF926AC107F00718FCC /* Release */,
			);
			defaultConfigurationIsVisible = 0;
			defaultConfigurationName = Release;
		};
/* End XCConfigurationList section */
	};
	rootObject = 7BF49EDB26AC107A00718FCC /* Project object */;
}
